
Microsoft Visual Studio Solution File, Format Version 12.00
Project("{FAE04EC0-301F-11D3-BF4B-00C04F79EFBC}") = "pp_AN", "pp_AN\pp_AN.csproj", "{B23610B2-5FBF-44EA-A9BB-7DBDCFE67B35}"
EndProject
Global
	GlobalSection(SolutionConfigurationPlatforms) = preSolution
		Debug|Any CPU = Debug|Any CPU
		Release|Any CPU = Release|Any CPU
	EndGlobalSection
	GlobalSection(ProjectConfigurationPlatforms) = postSolution
		{B23610B2-5FBF-44EA-A9BB-7DBDCFE67B35}.Debug|Any CPU.ActiveCfg = Debug|Any CPU
		{B23610B2-5FBF-44EA-A9BB-7DBDCFE67B35}.Debug|Any CPU.Build.0 = Debug|Any CPU
		{B23610B2-5FBF-44EA-A9BB-7DBDCFE67B35}.Release|Any CPU.ActiveCfg = Release|Any CPU
		{B23610B2-5FBF-44EA-A9BB-7DBDCFE67B35}.Release|Any CPU.Build.0 = Release|Any CPU
	EndGlobalSection
EndGlobal
